
Microsoft Visual Studio Solution File, Format Version 12.00
# Visual Studio 15
VisualStudioVersion = 15.0.28307.136
MinimumVisualStudioVersion = 10.0.40219.1
Project("{FAE04EC0-301F-11D3-BF4B-00C04F79EFBC}") = "SmashRandomPicker.Android", "SmashRandomPicker\SmashRandomPicker.Android\SmashRandomPicker.Android.csproj", "{4C637697-9C12-4FFD-9BF8-0CF4A94B3948}"
EndProject
Project("{FAE04EC0-301F-11D3-BF4B-00C04F79EFBC}") = "SmashRandomPicker.iOS", "SmashRandomPicker\SmashRandomPicker.iOS\SmashRandomPicker.iOS.csproj", "{F068E6E8-F65A-44D4-A369-094FE7912078}"
EndProject
Project("{FAE04EC0-301F-11D3-BF4B-00C04F79EFBC}") = "SmashRandomPicker", "SmashRandomPicker\SmashRandomPicker\SmashRandomPicker.csproj", "{BA0B7A4D-E428-457A-B5DF-994400514935}"
EndProject
Global
	GlobalSection(SolutionConfigurationPlatforms) = preSolution
		Ad-Hoc|Any CPU = Ad-Hoc|Any CPU
		Ad-Hoc|iPhone = Ad-Hoc|iPhone
		Ad-Hoc|iPhoneSimulator = Ad-Hoc|iPhoneSimulator
		AppStore|Any CPU = AppStore|Any CPU
		AppStore|iPhone = AppStore|iPhone
		AppStore|iPhoneSimulator = AppStore|iPhoneSimulator
		Debug|Any CPU = Debug|Any CPU
		Debug|iPhone = Debug|iPhone
		Debug|iPhoneSimulator = Debug|iPhoneSimulator
		Release|Any CPU = Release|Any CPU
		Release|iPhone = Release|iPhone
		Release|iPhoneSimulator = Release|iPhoneSimulator
	EndGlobalSection
	GlobalSection(ProjectConfigurationPlatforms) = postSolution
		{4C637697-9C12-4FFD-9BF8-0CF4A94B3948}.Ad-Hoc|Any CPU.ActiveCfg = Release|Any CPU
		{4C637697-9C12-4FFD-9BF8-0CF4A94B3948}.Ad-Hoc|Any CPU.Build.0 = Release|Any CPU
		{4C637697-9C12-4FFD-9BF8-0CF4A94B3948}.Ad-Hoc|Any CPU.Deploy.0 = Release|Any CPU
		{4C637697-9C12-4FFD-9BF8-0CF4A94B3948}.Ad-Hoc|iPhone.ActiveCfg = Release|Any CPU
		{4C637697-9C12-4FFD-9BF8-0CF4A94B3948}.Ad-Hoc|iPhone.Build.0 = Release|Any CPU
		{4C637697-9C12-4FFD-9BF8-0CF4A94B3948}.Ad-Hoc|iPhone.Deploy.0 = Release|Any CPU
		{4C637697-9C12-4FFD-9BF8-0CF4A94B3948}.Ad-Hoc|iPhoneSimulator.ActiveCfg = Release|Any CPU
		{4C637697-9C12-4FFD-9BF8-0CF4A94B3948}.Ad-Hoc|iPhoneSimulator.Build.0 = Release|Any CPU
		{4C637697-9C12-4FFD-9BF8-0CF4A94B3948}.Ad-Hoc|iPhoneSimulator.Deploy.0 = Release|Any CPU
		{4C637697-9C12-4FFD-9BF8-0CF4A94B3948}.AppStore|Any CPU.ActiveCfg = Release|Any CPU
		{4C637697-9C12-4FFD-9BF8-0CF4A94B3948}.AppStore|Any CPU.Build.0 = Release|Any CPU
		{4C637697-9C12-4FFD-9BF8-0CF4A94B3948}.AppStore|Any CPU.Deploy.0 = Release|Any CPU
		{4C637697-9C12-4FFD-9BF8-0CF4A94B3948}.AppStore|iPhone.ActiveCfg = Release|Any CPU
		{4C637697-9C12-4FFD-9BF8-0CF4A94B3948}.AppStore|iPhone.Build.0 = Release|Any CPU
		{4C637697-9C12-4FFD-9BF8-0CF4A94B3948}.AppStore|iPhone.Deploy.0 = Release|Any CPU
		{4C637697-9C12-4FFD-9BF8-0CF4A94B3948}.AppStore|iPhoneSimulator.ActiveCfg = Release|Any CPU
		{4C637697-9C12-4FFD-9BF8-0CF4A94B3948}.AppStore|iPhoneSimulator.Build.0 = Release|Any CPU
		{4C637697-9C12-4FFD-9BF8-0CF4A94B3948}.AppStore|iPhoneSimulator.Deploy.0 = Release|Any CPU
		{4C637697-9C12-4FFD-9BF8-0CF4A94B3948}.Debug|Any CPU.ActiveCfg = Debug|Any CPU
		{4C637697-9C12-4FFD-9BF8-0CF4A94B3948}.Debug|Any CPU.Build.0 = Debug|Any CPU
		{4C637697-9C12-4FFD-9BF8-0CF4A94B3948}.Debug|Any CPU.Deploy.0 = Debug|Any CPU
		{4C637697-9C12-4FFD-9BF8-0CF4A94B3948}.Debug|iPhone.ActiveCfg = Debug|Any CPU
		{4C637697-9C12-4FFD-9BF8-0CF4A94B3948}.Debug|iPhone.Build.0 = Debug|Any CPU
		{4C637697-9C12-4FFD-9BF8-0CF4A94B3948}.Debug|iPhone.Deploy.0 = Debug|Any CPU
		{4C637697-9C12-4FFD-9BF8-0CF4A94B3948}.Debug|iPhoneSimulator.ActiveCfg = Debug|Any CPU
		{4C637697-9C12-4FFD-9BF8-0CF4A94B3948}.Debug|iPhoneSimulator.Build.0 = Debug|Any CPU
		{4C637697-9C12-4FFD-9BF8-0CF4A94B3948}.Debug|iPhoneSimulator.Deploy.0 = Debug|Any CPU
		{4C637697-9C12-4FFD-9BF8-0CF4A94B3948}.Release|Any CPU.ActiveCfg = Release|Any CPU
		{4C637697-9C12-4FFD-9BF8-0CF4A94B3948}.Release|Any CPU.Build.0 = Release|Any CPU
		{4C637697-9C12-4FFD-9BF8-0CF4A94B3948}.Release|Any CPU.Deploy.0 = Release|Any CPU
		{4C637697-9C12-4FFD-9BF8-0CF4A94B3948}.Release|iPhone.ActiveCfg = Release|Any CPU
		{4C637697-9C12-4FFD-9BF8-0CF4A94B3948}.Release|iPhone.Build.0 = Release|Any CPU
		{4C637697-9C12-4FFD-9BF8-0CF4A94B3948}.Release|iPhone.Deploy.0 = Release|Any CPU
		{4C637697-9C12-4FFD-9BF8-0CF4A94B3948}.Release|iPhoneSimulator.ActiveCfg = Release|Any CPU
		{4C637697-9C12-4FFD-9BF8-0CF4A94B3948}.Release|iPhoneSimulator.Build.0 = Release|Any CPU
		{4C637697-9C12-4FFD-9BF8-0CF4A94B3948}.Release|iPhoneSimulator.Deploy.0 = Release|Any CPU
		{F068E6E8-F65A-44D4-A369-094FE7912078}.Ad-Hoc|Any CPU.ActiveCfg = Ad-Hoc|iPhone
		{F068E6E8-F65A-44D4-A369-094FE7912078}.Ad-Hoc|Any CPU.Build.0 = Ad-Hoc|iPhone
		{F068E6E8-F65A-44D4-A369-094FE7912078}.Ad-Hoc|Any CPU.Deploy.0 = Ad-Hoc|iPhone
		{F068E6E8-F65A-44D4-A369-094FE7912078}.Ad-Hoc|iPhone.ActiveCfg = Ad-Hoc|iPhone
		{F068E6E8-F65A-44D4-A369-094FE7912078}.Ad-Hoc|iPhone.Build.0 = Ad-Hoc|iPhone
		{F068E6E8-F65A-44D4-A369-094FE7912078}.Ad-Hoc|iPhone.Deploy.0 = Ad-Hoc|iPhone
		{F068E6E8-F65A-44D4-A369-094FE7912078}.Ad-Hoc|iPhoneSimulator.ActiveCfg = Ad-Hoc|iPhoneSimulator
		{F068E6E8-F65A-44D4-A369-094FE7912078}.Ad-Hoc|iPhoneSimulator.Build.0 = Ad-Hoc|iPhoneSimulator
		{F068E6E8-F65A-44D4-A369-094FE7912078}.Ad-Hoc|iPhoneSimulator.Deploy.0 = Ad-Hoc|iPhoneSimulator
		{F068E6E8-F65A-44D4-A369-094FE7912078}.AppStore|Any CPU.ActiveCfg = AppStore|iPhone
		{F068E6E8-F65A-44D4-A369-094FE7912078}.AppStore|Any CPU.Build.0 = AppStore|iPhone
		{F068E6E8-F65A-44D4-A369-094FE7912078}.AppStore|Any CPU.Deploy.0 = AppStore|iPhone
		{F068E6E8-F65A-44D4-A369-094FE7912078}.AppStore|iPhone.ActiveCfg = AppStore|iPhone
		{F068E6E8-F65A-44D4-A369-094FE7912078}.AppStore|iPhone.Build.0 = AppStore|iPhone
		{F068E6E8-F65A-44D4-A369-094FE7912078}.AppStore|iPhone.Deploy.0 = AppStore|iPhone
		{F068E6E8-F65A-44D4-A369-094FE7912078}.AppStore|iPhoneSimulator.ActiveCfg = AppStore|iPhoneSimulator
		{F068E6E8-F65A-44D4-A369-094FE7912078}.AppStore|iPhoneSimulator.Build.0 = AppStore|iPhoneSimulator
		{F068E6E8-F65A-44D4-A369-094FE7912078}.AppStore|iPhoneSimulator.Deploy.0 = AppStore|iPhoneSimulator
		{F068E6E8-F65A-44D4-A369-094FE7912078}.Debug|Any CPU.ActiveCfg = Debug|iPhoneSimulator
		{F068E6E8-F65A-44D4-A369-094FE7912078}.Debug|Any CPU.Build.0 = Debug|iPhoneSimulator
		{F068E6E8-F65A-44D4-A369-094FE7912078}.Debug|Any CPU.Deploy.0 = Debug|iPhoneSimulator
		{F068E6E8-F65A-44D4-A369-094FE7912078}.Debug|iPhone.ActiveCfg = Debug|iPhone
		{F068E6E8-F65A-44D4-A369-094FE7912078}.Debug|iPhone.Build.0 = Debug|iPhone
		{F068E6E8-F65A-44D4-A369-094FE7912078}.Debug|iPhone.Deploy.0 = Debug|iPhone
		{F068E6E8-F65A-44D4-A369-094FE7912078}.Debug|iPhoneSimulator.ActiveCfg = Debug|iPhoneSimulator
		{F068E6E8-F65A-44D4-A369-094FE7912078}.Debug|iPhoneSimulator.Build.0 = Debug|iPhoneSimulator
		{F068E6E8-F65A-44D4-A369-094FE7912078}.Debug|iPhoneSimulator.Deploy.0 = Debug|iPhoneSimulator
		{F068E6E8-F65A-44D4-A369-094FE7912078}.Release|Any CPU.ActiveCfg = Release|iPhone
		{F068E6E8-F65A-44D4-A369-094FE7912078}.Release|Any CPU.Build.0 = Release|iPhone
		{F068E6E8-F65A-44D4-A369-094FE7912078}.Release|Any CPU.Deploy.0 = Release|iPhone
		{F068E6E8-F65A-44D4-A369-094FE7912078}.Release|iPhone.ActiveCfg = Release|iPhone
		{F068E6E8-F65A-44D4-A369-094FE7912078}.Release|iPhone.Build.0 = Release|iPhone
		{F068E6E8-F65A-44D4-A369-094FE7912078}.Release|iPhone.Deploy.0 = Release|iPhone
		{F068E6E8-F65A-44D4-A369-094FE7912078}.Release|iPhoneSimulator.ActiveCfg = Release|iPhoneSimulator
		{F068E6E8-F65A-44D4-A369-094FE7912078}.Release|iPhoneSimulator.Build.0 = Release|iPhoneSimulator
		{F068E6E8-F65A-44D4-A369-094FE7912078}.Release|iPhoneSimulator.Deploy.0 = Release|iPhoneSimulator
		{BA0B7A4D-E428-457A-B5DF-994400514935}.Ad-Hoc|Any CPU.ActiveCfg = Debug|Any CPU
		{BA0B7A4D-E428-457A-B5DF-994400514935}.Ad-Hoc|Any CPU.Build.0 = Debug|Any CPU
		{BA0B7A4D-E428-457A-B5DF-994400514935}.Ad-Hoc|Any CPU.Deploy.0 = Debug|Any CPU
		{BA0B7A4D-E428-457A-B5DF-994400514935}.Ad-Hoc|iPhone.ActiveCfg = Debug|Any CPU
		{BA0B7A4D-E428-457A-B5DF-994400514935}.Ad-Hoc|iPhone.Build.0 = Debug|Any CPU
		{BA0B7A4D-E428-457A-B5DF-994400514935}.Ad-Hoc|iPhone.Deploy.0 = Debug|Any CPU
		{BA0B7A4D-E428-457A-B5DF-994400514935}.Ad-Hoc|iPhoneSimulator.ActiveCfg = Debug|Any CPU
		{BA0B7A4D-E428-457A-B5DF-994400514935}.Ad-Hoc|iPhoneSimulator.Build.0 = Debug|Any CPU
		{BA0B7A4D-E428-457A-B5DF-994400514935}.Ad-Hoc|iPhoneSimulator.Deploy.0 = Debug|Any CPU
		{BA0B7A4D-E428-457A-B5DF-994400514935}.AppStore|Any CPU.ActiveCfg = Debug|Any CPU
		{BA0B7A4D-E428-457A-B5DF-994400514935}.AppStore|Any CPU.Build.0 = Debug|Any CPU
		{BA0B7A4D-E428-457A-B5DF-994400514935}.AppStore|Any CPU.Deploy.0 = Debug|Any CPU
		{BA0B7A4D-E428-457A-B5DF-994400514935}.AppStore|iPhone.ActiveCfg = Debug|Any CPU
		{BA0B7A4D-E428-457A-B5DF-994400514935}.AppStore|iPhone.Build.0 = Debug|Any CPU
		{BA0B7A4D-E428-457A-B5DF-994400514935}.AppStore|iPhone.Deploy.0 = Debug|Any CPU
		{BA0B7A4D-E428-457A-B5DF-994400514935}.AppStore|iPhoneSimulator.ActiveCfg = Debug|Any CPU
		{BA0B7A4D-E428-457A-B5DF-994400514935}.AppStore|iPhoneSimulator.Build.0 = Debug|Any CPU
		{BA0B7A4D-E428-457A-B5DF-994400514935}.AppStore|iPhoneSimulator.Deploy.0 = Debug|Any CPU
		{BA0B7A4D-E428-457A-B5DF-994400514935}.Debug|Any CPU.ActiveCfg = Debug|Any CPU
		{BA0B7A4D-E428-457A-B5DF-994400514935}.Debug|Any CPU.Build.0 = Debug|Any CPU
		{BA0B7A4D-E428-457A-B5DF-994400514935}.Debug|Any CPU.Deploy.0 = Debug|Any CPU
		{BA0B7A4D-E428-457A-B5DF-994400514935}.Debug|iPhone.ActiveCfg = Debug|Any CPU
		{BA0B7A4D-E428-457A-B5DF-994400514935}.Debug|iPhone.Build.0 = Debug|Any CPU
		{BA0B7A4D-E428-457A-B5DF-994400514935}.Debug|iPhone.Deploy.0 = Debug|Any CPU
		{BA0B7A4D-E428-457A-B5DF-994400514935}.Debug|iPhoneSimulator.ActiveCfg = Debug|Any CPU
		{BA0B7A4D-E428-457A-B5DF-994400514935}.Debug|iPhoneSimulator.Build.0 = Debug|Any CPU
		{BA0B7A4D-E428-457A-B5DF-994400514935}.Debug|iPhoneSimulator.Deploy.0 = Debug|Any CPU
		{BA0B7A4D-E428-457A-B5DF-994400514935}.Release|Any CPU.ActiveCfg = Release|Any CPU
		{BA0B7A4D-E428-457A-B5DF-994400514935}.Release|Any CPU.Build.0 = Release|Any CPU
		{BA0B7A4D-E428-457A-B5DF-994400514935}.Release|Any CPU.Deploy.0 = Release|Any CPU
		{BA0B7A4D-E428-457A-B5DF-994400514935}.Release|iPhone.ActiveCfg = Release|Any CPU
		{BA0B7A4D-E428-457A-B5DF-994400514935}.Release|iPhone.Build.0 = Release|Any CPU
		{BA0B7A4D-E428-457A-B5DF-994400514935}.Release|iPhone.Deploy.0 = Release|Any CPU
		{BA0B7A4D-E428-457A-B5DF-994400514935}.Release|iPhoneSimulator.ActiveCfg = Release|Any CPU
		{BA0B7A4D-E428-457A-B5DF-994400514935}.Release|iPhoneSimulator.Build.0 = Release|Any CPU
		{BA0B7A4D-E428-457A-B5DF-994400514935}.Release|iPhoneSimulator.Deploy.0 = Release|Any CPU
	EndGlobalSection
	GlobalSection(SolutionProperties) = preSolution
		HideSolutionNode = FALSE
	EndGlobalSection
	GlobalSection(ExtensibilityGlobals) = postSolution
		SolutionGuid = {E0D7483E-E989-4BE4-A612-77B818828B7A}
	EndGlobalSection
EndGlobal
